
Microsoft Visual Studio Solution File, Format Version 12.00
# Visual Studio Version 17
VisualStudioVersion = 17.7.34202.233
MinimumVisualStudioVersion = 10.0.40219.1
Project("{9A19103F-16F7-4668-BE54-9A1E7A4F7556}") = "LineTool", "LineTool.csproj", "{A18AD7D6-1789-4176-8224-81AA2143A6CB}"
EndProject
Global
	GlobalSection(SolutionConfigurationPlatforms) = preSolution
		Steam|Any CPU = Steam|Any CPU
	EndGlobalSection
	GlobalSection(ProjectConfigurationPlatforms) = postSolution
		{A18AD7D6-1789-4176-8224-81AA2143A6CB}.Steam|Any CPU.ActiveCfg = Steam|Any CPU
		{A18AD7D6-1789-4176-8224-81AA2143A6CB}.Steam|Any CPU.Build.0 = Steam|Any CPU
	EndGlobalSection
	GlobalSection(SolutionProperties) = preSolution
		HideSolutionNode = FALSE
	EndGlobalSection
	GlobalSection(ExtensibilityGlobals) = postSolution
		SolutionGuid = {40BFDCF7-CAF4-4150-8999-5E1096775326}
	EndGlobalSection
EndGlobal
